
Microsoft Visual Studio Solution File, Format Version 12.00
# Visual Studio Version 17
VisualStudioVersion = 17.14.36518.9 d17.14
MinimumVisualStudioVersion = 10.0.40219.1
Project("{FAE04EC0-301F-11D3-BF4B-00C04F79EFBC}") = "GGSystemMonitor", "GGSystemMonitor.csproj", "{57AF9D16-A84E-4328-92B1-DF6B7FD6258F}"
EndProject
Global
	GlobalSection(SolutionConfigurationPlatforms) = preSolution
		Debug|Any CPU = Debug|Any CPU
		Release|Any CPU = Release|Any CPU
	EndGlobalSection
	GlobalSection(ProjectConfigurationPlatforms) = postSolution
		{57AF9D16-A84E-4328-92B1-DF6B7FD6258F}.Debug|Any CPU.ActiveCfg = Debug|Any CPU
		{57AF9D16-A84E-4328-92B1-DF6B7FD6258F}.Debug|Any CPU.Build.0 = Debug|Any CPU
		{57AF9D16-A84E-4328-92B1-DF6B7FD6258F}.Release|Any CPU.ActiveCfg = Release|Any CPU
		{57AF9D16-A84E-4328-92B1-DF6B7FD6258F}.Release|Any CPU.Build.0 = Release|Any CPU
	EndGlobalSection
	GlobalSection(SolutionProperties) = preSolution
		HideSolutionNode = FALSE
	EndGlobalSection
	GlobalSection(ExtensibilityGlobals) = postSolution
		SolutionGuid = {491B8D43-CD22-438E-9CBF-6A398D06EF08}
	EndGlobalSection
EndGlobal
